
Microsoft Visual Studio Solution File, Format Version 12.00
# Visual Studio Version 16
VisualStudioVersion = 16.0.30225.117
MinimumVisualStudioVersion = 10.0.40219.1
Project("{FAE04EC0-301F-11D3-BF4B-00C04F79EFBC}") = "AssignmentInheritance", "AssignmentInheritance\AssignmentInheritance.csproj", "{F52B824C-225C-43B8-9E9E-AF0C38BD2518}"
EndProject
Global
	GlobalSection(SolutionConfigurationPlatforms) = preSolution
		Debug|Any CPU = Debug|Any CPU
		Release|Any CPU = Release|Any CPU
	EndGlobalSection
	GlobalSection(ProjectConfigurationPlatforms) = postSolution
		{F52B824C-225C-43B8-9E9E-AF0C38BD2518}.Debug|Any CPU.ActiveCfg = Debug|Any CPU
		{F52B824C-225C-43B8-9E9E-AF0C38BD2518}.Debug|Any CPU.Build.0 = Debug|Any CPU
		{F52B824C-225C-43B8-9E9E-AF0C38BD2518}.Release|Any CPU.ActiveCfg = Release|Any CPU
		{F52B824C-225C-43B8-9E9E-AF0C38BD2518}.Release|Any CPU.Build.0 = Release|Any CPU
	EndGlobalSection
	GlobalSection(SolutionProperties) = preSolution
		HideSolutionNode = FALSE
	EndGlobalSection
	GlobalSection(ExtensibilityGlobals) = postSolution
		SolutionGuid = {072D5C82-2EC0-460E-840A-14CFFF73362C}
	EndGlobalSection
EndGlobal
